
Microsoft Visual Studio Solution File, Format Version 12.00
# Visual Studio Version 17
VisualStudioVersion = 17.0.31903.59
MinimumVisualStudioVersion = 10.0.40219.1
Project("{2150E333-8FDC-42A3-9474-1A3956D46DE8}") = "Solution Items", "Solution Items", "{81375476-0034-4918-B92E-A4729F3599A7}"
	ProjectSection(SolutionItems) = preProject
		.editorconfig = .editorconfig
		.gitignore = .gitignore
		Directory.Build.props = Directory.Build.props
	EndProjectSection
EndProject
Project("{2150E333-8FDC-42A3-9474-1A3956D46DE8}") = "src", "src", "{BA7055C7-A497-433D-B0C9-32F6E43E164D}"
EndProject
Project("{FAE04EC0-301F-11D3-BF4B-00C04F79EFBC}") = "Polyglot.Domain", "src\backend\Polyglot.Domain\Polyglot.Domain.csproj", "{BD326A4A-EB7A-4047-B213-F8A968D40EDF}"
EndProject
Project("{FAE04EC0-301F-11D3-BF4B-00C04F79EFBC}") = "Polyglot.Application", "src\backend\Polyglot.Application\Polyglot.Application.csproj", "{1B8A24D5-E27F-4FAE-AA0D-4CB4B1E84029}"
EndProject
Project("{FAE04EC0-301F-11D3-BF4B-00C04F79EFBC}") = "Polyglot.Infrastructure", "src\backend\Polyglot.Infrastructure\Polyglot.Infrastructure.csproj", "{2A5D616F-F1EC-4D79-9C4D-9CCBFF5F5251}"
EndProject
Project("{FAE04EC0-301F-11D3-BF4B-00C04F79EFBC}") = "Polyglot.Api", "src\backend\Polyglot.Api\Polyglot.Api.csproj", "{F7F176CE-61FA-4EBA-BCBB-068944F43636}"
EndProject
Project("{FAE04EC0-301F-11D3-BF4B-00C04F79EFBC}") = "Polyglot.Server", "src\frontend\Polyglot.Server\Polyglot.Server.csproj", "{7E4319A8-4465-4036-AE9E-354C84E05569}"
EndProject
Project("{2150E333-8FDC-42A3-9474-1A3956D46DE8}") = "test", "test", "{FFC2820E-AE7C-4BE6-8B5E-23394E6E06E7}"
EndProject
Project("{FAE04EC0-301F-11D3-BF4B-00C04F79EFBC}") = "Polyglot.Domain.UnitTests", "test\backend\Polyglot.Domain.UnitTests\Polyglot.Domain.UnitTests.csproj", "{8051AF95-40B1-4479-91DB-595B7D99E28F}"
EndProject
Project("{FAE04EC0-301F-11D3-BF4B-00C04F79EFBC}") = "Polyglot.Application.UnitTests", "test\backend\Polyglot.Application.UnitTests\Polyglot.Application.UnitTests.csproj", "{3EEBD7C9-C5DB-41E1-B846-C2F37B62B4A1}"
EndProject
Project("{FAE04EC0-301F-11D3-BF4B-00C04F79EFBC}") = "docker-compose", "docker-compose.dcproj", "{ADD5AF21-A432-4B22-BA2A-479AE85F98FC}"
EndProject
Project("{54A90642-561A-4BB1-A94E-469ADEE60C69}") = "polyglot.client", "src\frontend\polyglot.client\polyglot.client.esproj", "{9F93661F-B4DB-45E7-AA44-BD986CF2A405}"
EndProject
Global
	GlobalSection(SolutionConfigurationPlatforms) = preSolution
		Debug|Any CPU = Debug|Any CPU
		Release|Any CPU = Release|Any CPU
	EndGlobalSection
	GlobalSection(SolutionProperties) = preSolution
		HideSolutionNode = FALSE
	EndGlobalSection
	GlobalSection(NestedProjects) = preSolution
		{BD326A4A-EB7A-4047-B213-F8A968D40EDF} = {BA7055C7-A497-433D-B0C9-32F6E43E164D}
		{1B8A24D5-E27F-4FAE-AA0D-4CB4B1E84029} = {BA7055C7-A497-433D-B0C9-32F6E43E164D}
		{2A5D616F-F1EC-4D79-9C4D-9CCBFF5F5251} = {BA7055C7-A497-433D-B0C9-32F6E43E164D}
		{F7F176CE-61FA-4EBA-BCBB-068944F43636} = {BA7055C7-A497-433D-B0C9-32F6E43E164D}
		{7E4319A8-4465-4036-AE9E-354C84E05569} = {BA7055C7-A497-433D-B0C9-32F6E43E164D}
		{8051AF95-40B1-4479-91DB-595B7D99E28F} = {FFC2820E-AE7C-4BE6-8B5E-23394E6E06E7}
		{3EEBD7C9-C5DB-41E1-B846-C2F37B62B4A1} = {FFC2820E-AE7C-4BE6-8B5E-23394E6E06E7}
		{9F93661F-B4DB-45E7-AA44-BD986CF2A405} = {BA7055C7-A497-433D-B0C9-32F6E43E164D}
	EndGlobalSection
	GlobalSection(ProjectConfigurationPlatforms) = postSolution
		{BD326A4A-EB7A-4047-B213-F8A968D40EDF}.Debug|Any CPU.ActiveCfg = Debug|Any CPU
		{BD326A4A-EB7A-4047-B213-F8A968D40EDF}.Debug|Any CPU.Build.0 = Debug|Any CPU
		{BD326A4A-EB7A-4047-B213-F8A968D40EDF}.Release|Any CPU.ActiveCfg = Release|Any CPU
		{BD326A4A-EB7A-4047-B213-F8A968D40EDF}.Release|Any CPU.Build.0 = Release|Any CPU
		{1B8A24D5-E27F-4FAE-AA0D-4CB4B1E84029}.Debug|Any CPU.ActiveCfg = Debug|Any CPU
		{1B8A24D5-E27F-4FAE-AA0D-4CB4B1E84029}.Debug|Any CPU.Build.0 = Debug|Any CPU
		{1B8A24D5-E27F-4FAE-AA0D-4CB4B1E84029}.Release|Any CPU.ActiveCfg = Release|Any CPU
		{1B8A24D5-E27F-4FAE-AA0D-4CB4B1E84029}.Release|Any CPU.Build.0 = Release|Any CPU
		{2A5D616F-F1EC-4D79-9C4D-9CCBFF5F5251}.Debug|Any CPU.ActiveCfg = Debug|Any CPU
		{2A5D616F-F1EC-4D79-9C4D-9CCBFF5F5251}.Debug|Any CPU.Build.0 = Debug|Any CPU
		{2A5D616F-F1EC-4D79-9C4D-9CCBFF5F5251}.Release|Any CPU.ActiveCfg = Release|Any CPU
		{2A5D616F-F1EC-4D79-9C4D-9CCBFF5F5251}.Release|Any CPU.Build.0 = Release|Any CPU
		{F7F176CE-61FA-4EBA-BCBB-068944F43636}.Debug|Any CPU.ActiveCfg = Debug|Any CPU
		{F7F176CE-61FA-4EBA-BCBB-068944F43636}.Debug|Any CPU.Build.0 = Debug|Any CPU
		{F7F176CE-61FA-4EBA-BCBB-068944F43636}.Release|Any CPU.ActiveCfg = Release|Any CPU
		{F7F176CE-61FA-4EBA-BCBB-068944F43636}.Release|Any CPU.Build.0 = Release|Any CPU
		{7E4319A8-4465-4036-AE9E-354C84E05569}.Debug|Any CPU.ActiveCfg = Debug|Any CPU
		{7E4319A8-4465-4036-AE9E-354C84E05569}.Debug|Any CPU.Build.0 = Debug|Any CPU
		{7E4319A8-4465-4036-AE9E-354C84E05569}.Release|Any CPU.ActiveCfg = Release|Any CPU
		{7E4319A8-4465-4036-AE9E-354C84E05569}.Release|Any CPU.Build.0 = Release|Any CPU
		{8051AF95-40B1-4479-91DB-595B7D99E28F}.Debug|Any CPU.ActiveCfg = Debug|Any CPU
		{8051AF95-40B1-4479-91DB-595B7D99E28F}.Debug|Any CPU.Build.0 = Debug|Any CPU
		{8051AF95-40B1-4479-91DB-595B7D99E28F}.Release|Any CPU.ActiveCfg = Release|Any CPU
		{8051AF95-40B1-4479-91DB-595B7D99E28F}.Release|Any CPU.Build.0 = Release|Any CPU
		{3EEBD7C9-C5DB-41E1-B846-C2F37B62B4A1}.Debug|Any CPU.ActiveCfg = Debug|Any CPU
		{3EEBD7C9-C5DB-41E1-B846-C2F37B62B4A1}.Debug|Any CPU.Build.0 = Debug|Any CPU
		{3EEBD7C9-C5DB-41E1-B846-C2F37B62B4A1}.Release|Any CPU.ActiveCfg = Release|Any CPU
		{3EEBD7C9-C5DB-41E1-B846-C2F37B62B4A1}.Release|Any CPU.Build.0 = Release|Any CPU
		{ADD5AF21-A432-4B22-BA2A-479AE85F98FC}.Debug|Any CPU.ActiveCfg = Debug|Any CPU
		{ADD5AF21-A432-4B22-BA2A-479AE85F98FC}.Debug|Any CPU.Build.0 = Debug|Any CPU
		{ADD5AF21-A432-4B22-BA2A-479AE85F98FC}.Release|Any CPU.ActiveCfg = Debug|Any CPU
		{ADD5AF21-A432-4B22-BA2A-479AE85F98FC}.Release|Any CPU.Build.0 = Debug|Any CPU
		{9F93661F-B4DB-45E7-AA44-BD986CF2A405}.Debug|Any CPU.ActiveCfg = Debug|Any CPU
		{9F93661F-B4DB-45E7-AA44-BD986CF2A405}.Debug|Any CPU.Build.0 = Debug|Any CPU
		{9F93661F-B4DB-45E7-AA44-BD986CF2A405}.Release|Any CPU.ActiveCfg = Debug|Any CPU
		{9F93661F-B4DB-45E7-AA44-BD986CF2A405}.Release|Any CPU.Build.0 = Debug|Any CPU
	EndGlobalSection
EndGlobal
