
Microsoft Visual Studio Solution File, Format Version 12.00
# Visual Studio Version 17
VisualStudioVersion = 17.8.34330.188
MinimumVisualStudioVersion = 10.0.40219.1
Project("{FAE04EC0-301F-11D3-BF4B-00C04F79EFBC}") = "Polyglot.Server", "Polyglot.Server\Polyglot.Server.csproj", "{CBB7DAB6-C5B0-4A8A-B47A-DBEA371ECF75}"
EndProject
Project("{54A90642-561A-4BB1-A94E-469ADEE60C69}") = "polyglot.client", "polyglot.client\polyglot.client.esproj", "{71984F99-DD46-4D3B-8D00-9E9063C76A32}"
EndProject
Global
	GlobalSection(SolutionConfigurationPlatforms) = preSolution
		Debug|Any CPU = Debug|Any CPU
		Release|Any CPU = Release|Any CPU
	EndGlobalSection
	GlobalSection(ProjectConfigurationPlatforms) = postSolution
		{CBB7DAB6-C5B0-4A8A-B47A-DBEA371ECF75}.Debug|Any CPU.ActiveCfg = Debug|Any CPU
		{CBB7DAB6-C5B0-4A8A-B47A-DBEA371ECF75}.Debug|Any CPU.Build.0 = Debug|Any CPU
		{CBB7DAB6-C5B0-4A8A-B47A-DBEA371ECF75}.Release|Any CPU.ActiveCfg = Release|Any CPU
		{CBB7DAB6-C5B0-4A8A-B47A-DBEA371ECF75}.Release|Any CPU.Build.0 = Release|Any CPU
		{71984F99-DD46-4D3B-8D00-9E9063C76A32}.Debug|Any CPU.ActiveCfg = Debug|Any CPU
		{71984F99-DD46-4D3B-8D00-9E9063C76A32}.Debug|Any CPU.Build.0 = Debug|Any CPU
		{71984F99-DD46-4D3B-8D00-9E9063C76A32}.Debug|Any CPU.Deploy.0 = Debug|Any CPU
		{71984F99-DD46-4D3B-8D00-9E9063C76A32}.Release|Any CPU.ActiveCfg = Release|Any CPU
		{71984F99-DD46-4D3B-8D00-9E9063C76A32}.Release|Any CPU.Build.0 = Release|Any CPU
		{71984F99-DD46-4D3B-8D00-9E9063C76A32}.Release|Any CPU.Deploy.0 = Release|Any CPU
	EndGlobalSection
	GlobalSection(SolutionProperties) = preSolution
		HideSolutionNode = FALSE
	EndGlobalSection
	GlobalSection(ExtensibilityGlobals) = postSolution
		SolutionGuid = {C12CB980-A930-4578-941E-460E3944F8B7}
	EndGlobalSection
EndGlobal
