
Microsoft Visual Studio Solution File, Format Version 12.00
# Visual Studio Version 17
VisualStudioVersion = 17.8.34330.188
MinimumVisualStudioVersion = 10.0.40219.1
Project("{FAE04EC0-301F-11D3-BF4B-00C04F79EFBC}") = "Polyglot.Server", "frontend\Polyglot.Server\Polyglot.Server.csproj", "{C4387199-6043-4780-9665-CBB485A7D67A}"
EndProject
Project("{FAE04EC0-301F-11D3-BF4B-00C04F79EFBC}") = "Polyglot.Domain", "backend\Polyglot.Domain\Polyglot.Domain.csproj", "{646BD873-00DC-458A-B0D3-FA6D62A7B5D6}"
EndProject
Project("{2150E333-8FDC-42A3-9474-1A3956D46DE8}") = "Solution Items", "Solution Items", "{B17561C0-FC7E-4F10-8E09-A257DC61B31C}"
	ProjectSection(SolutionItems) = preProject
		..\.gitignore = ..\.gitignore
		..\Directory.Build.props = ..\Directory.Build.props
	EndProjectSection
EndProject
Project("{2150E333-8FDC-42A3-9474-1A3956D46DE8}") = "src", "src", "{DE8B0C5C-1F75-468A-8526-2F41C9EA7182}"
EndProject
Project("{2150E333-8FDC-42A3-9474-1A3956D46DE8}") = "test", "test", "{86A59225-A8C0-4CE8-B4A3-58CCE43B12BD}"
EndProject
Project("{FAE04EC0-301F-11D3-BF4B-00C04F79EFBC}") = "Polyglot.Domain.UnitTests", "..\test\Polyglot.Domain.UnitTests\Polyglot.Domain.UnitTests.csproj", "{D12D5FB6-98E9-4A63-A54E-4CB7F4DC70B0}"
EndProject
Project("{FAE04EC0-301F-11D3-BF4B-00C04F79EFBC}") = "Polyglot.Application", "backend\Polyglot.Application\Polyglot.Application.csproj", "{5BEB75E1-AB1E-4D27-8FA4-ABB0F7A872B0}"
EndProject
Project("{FAE04EC0-301F-11D3-BF4B-00C04F79EFBC}") = "Polyglot.Application.UnitTests", "..\test\Polyglot.Application.UnitTests\Polyglot.Application.UnitTests.csproj", "{0C7523D5-9BA3-4B23-A952-EE89C7DF8E79}"
EndProject
Global
	GlobalSection(SolutionConfigurationPlatforms) = preSolution
		Debug|Any CPU = Debug|Any CPU
		Release|Any CPU = Release|Any CPU
	EndGlobalSection
	GlobalSection(ProjectConfigurationPlatforms) = postSolution
		{C4387199-6043-4780-9665-CBB485A7D67A}.Debug|Any CPU.ActiveCfg = Debug|Any CPU
		{C4387199-6043-4780-9665-CBB485A7D67A}.Debug|Any CPU.Build.0 = Debug|Any CPU
		{C4387199-6043-4780-9665-CBB485A7D67A}.Release|Any CPU.ActiveCfg = Release|Any CPU
		{C4387199-6043-4780-9665-CBB485A7D67A}.Release|Any CPU.Build.0 = Release|Any CPU
		{646BD873-00DC-458A-B0D3-FA6D62A7B5D6}.Debug|Any CPU.ActiveCfg = Debug|Any CPU
		{646BD873-00DC-458A-B0D3-FA6D62A7B5D6}.Debug|Any CPU.Build.0 = Debug|Any CPU
		{646BD873-00DC-458A-B0D3-FA6D62A7B5D6}.Release|Any CPU.ActiveCfg = Release|Any CPU
		{646BD873-00DC-458A-B0D3-FA6D62A7B5D6}.Release|Any CPU.Build.0 = Release|Any CPU
		{D12D5FB6-98E9-4A63-A54E-4CB7F4DC70B0}.Debug|Any CPU.ActiveCfg = Debug|Any CPU
		{D12D5FB6-98E9-4A63-A54E-4CB7F4DC70B0}.Debug|Any CPU.Build.0 = Debug|Any CPU
		{D12D5FB6-98E9-4A63-A54E-4CB7F4DC70B0}.Release|Any CPU.ActiveCfg = Release|Any CPU
		{D12D5FB6-98E9-4A63-A54E-4CB7F4DC70B0}.Release|Any CPU.Build.0 = Release|Any CPU
		{5BEB75E1-AB1E-4D27-8FA4-ABB0F7A872B0}.Debug|Any CPU.ActiveCfg = Debug|Any CPU
		{5BEB75E1-AB1E-4D27-8FA4-ABB0F7A872B0}.Debug|Any CPU.Build.0 = Debug|Any CPU
		{5BEB75E1-AB1E-4D27-8FA4-ABB0F7A872B0}.Release|Any CPU.ActiveCfg = Release|Any CPU
		{5BEB75E1-AB1E-4D27-8FA4-ABB0F7A872B0}.Release|Any CPU.Build.0 = Release|Any CPU
		{0C7523D5-9BA3-4B23-A952-EE89C7DF8E79}.Debug|Any CPU.ActiveCfg = Debug|Any CPU
		{0C7523D5-9BA3-4B23-A952-EE89C7DF8E79}.Debug|Any CPU.Build.0 = Debug|Any CPU
		{0C7523D5-9BA3-4B23-A952-EE89C7DF8E79}.Release|Any CPU.ActiveCfg = Release|Any CPU
		{0C7523D5-9BA3-4B23-A952-EE89C7DF8E79}.Release|Any CPU.Build.0 = Release|Any CPU
	EndGlobalSection
	GlobalSection(SolutionProperties) = preSolution
		HideSolutionNode = FALSE
	EndGlobalSection
	GlobalSection(ExtensibilityGlobals) = postSolution
		SolutionGuid = {C12CB980-A930-4578-941E-460E3944F8B7}
	EndGlobalSection
	GlobalSection(NestedProjects) = preSolution
		{C4387199-6043-4780-9665-CBB485A7D67A} = {DE8B0C5C-1F75-468A-8526-2F41C9EA7182}
		{D12D5FB6-98E9-4A63-A54E-4CB7F4DC70B0} = {86A59225-A8C0-4CE8-B4A3-58CCE43B12BD}
		{646BD873-00DC-458A-B0D3-FA6D62A7B5D6} = {DE8B0C5C-1F75-468A-8526-2F41C9EA7182}
		{5BEB75E1-AB1E-4D27-8FA4-ABB0F7A872B0} = {DE8B0C5C-1F75-468A-8526-2F41C9EA7182}
		{0C7523D5-9BA3-4B23-A952-EE89C7DF8E79} = {86A59225-A8C0-4CE8-B4A3-58CCE43B12BD}
	EndGlobalSection
EndGlobal
